{
  "nodes": {
    "fenix": {
      "inputs": {
        "nixpkgs": "nixpkgs",
        "rust-analyzer-src": "rust-analyzer-src"
      },
      "locked": {
        "lastModified": 1729924178,
        "narHash": "sha256-ZhDqOYZwx0kYg1vPrmZ2fJm/wem739eNSSK+GlzdeqA=",
        "owner": "nix-community",
        "repo": "fenix",
        "rev": "e831b4d256526cc56bd37c7c579842866410bebc",
        "type": "github"
      },
      "original": {
        "owner": "nix-community",
        "repo": "fenix",
        "type": "github"
      }
    },
    "flake-utils": {
      "inputs": {
        "systems": "systems"
      },
      "locked": {
        "lastModified": 1726560853,
        "narHash": "sha256-X6rJYSESBVr3hBoH0WbKE5KvhPU5bloyZ2L4K60/fPQ=",
        "owner": "numtide",
        "repo": "flake-utils",
        "rev": "c1dfcf08411b08f6b8615f7d8971a2bfa81d5e8a",
        "type": "github"
      },
      "original": {
        "owner": "numtide",
        "repo": "flake-utils",
        "type": "github"
      }
    },
    "nixpkgs": {
      "locked": {
        "lastModified": 1729665710,
        "narHash": "sha256-AlcmCXJZPIlO5dmFzV3V2XF6x/OpNWUV8Y/FMPGd8Z4=",
        "owner": "nixos",
        "repo": "nixpkgs",
        "rev": "2768c7d042a37de65bb1b5b3268fc987e534c49d",
        "type": "github"
      },
      "original": {
        "owner": "nixos",
        "ref": "nixos-unstable",
        "repo": "nixpkgs",
        "type": "github"
      }
    },
    "nixpkgs_2": {
      "locked": {
        "lastModified": 1729665710,
        "narHash": "sha256-AlcmCXJZPIlO5dmFzV3V2XF6x/OpNWUV8Y/FMPGd8Z4=",
        "owner": "nixos",
        "repo": "nixpkgs",
        "rev": "2768c7d042a37de65bb1b5b3268fc987e534c49d",
        "type": "github"
      },
      "original": {
        "owner": "nixos",
        "ref": "nixos-unstable",
        "repo": "nixpkgs",
        "type": "github"
      }
    },
    "root": {
      "inputs": {
        "fenix": "fenix",
        "flake-utils": "flake-utils",
        "nixpkgs": "nixpkgs_2"
      }
    },
    "rust-analyzer-src": {
      "flake": false,
      "locked": {
        "lastModified": 1729845655,
        "narHash": "sha256-6I3gJLnOLnUIWFUlEnvC0FdzX8Xwu+y3Vo0q4VB6Wbk=",
        "owner": "rust-lang",
        "repo": "rust-analyzer",
        "rev": "f4466718b838de706d74e2c13f20a41c034d87a5",
        "type": "github"
      },
      "original": {
        "owner": "rust-lang",
        "ref": "nightly",
        "repo": "rust-analyzer",
        "type": "github"
      }
    },
    "systems": {
      "locked": {
        "lastModified": 1681028828,
        "narHash": "sha256-Vy1rq5AaRuLzOxct8nz4T6wlgyUR7zLU309k9mBC768=",
        "owner": "nix-systems",
        "repo": "default",
        "rev": "da67096a3b9bf56a91d16901293e51ba5b49a27e",
        "type": "github"
      },
      "original": {
        "owner": "nix-systems",
        "repo": "default",
        "type": "github"
      }
    }
  },
  "root": "root",
  "version": 7
}
